// !$*UTF8*$!
{
	archiveVersion = 1;
	classes = {
	};
	objectVersion = 48;
	objects = {

/* Begin PBXBuildFile section */
		1C5728AD202D5A3B00CBFFE9 /* AppDelegate.swift in Sources */ = {isa = PBXBuildFile; fileRef = 1C5728AC202D5A3B00CBFFE9 /* AppDelegate.swift */; };
		1C5728AF202D5A3B00CBFFE9 /* ViewController.swift in Sources */ = {isa = PBXBuildFile; fileRef = 1C5728AE202D5A3B00CBFFE9 /* ViewController.swift */; };
		1C5728B2202D5A3B00CBFFE9 /* Main.storyboard in Resources */ = {isa = PBXBuildFile; fileRef = 1C5728B0202D5A3B00CBFFE9 /* Main.storyboard */; };
		1C5728B4202D5A3B00CBFFE9 /* Assets.xcassets in Resources */ = {isa = PBXBuildFile; fileRef = 1C5728B3202D5A3B00CBFFE9 /* Assets.xcassets */; };
		1C5728B7202D5A3B00CBFFE9 /* LaunchScreen.storyboard in Resources */ = {isa = PBXBuildFile; fileRef = 1C5728B5202D5A3B00CBFFE9 /* LaunchScreen.storyboard */; };
		1C5728C2202D5A3B00CBFFE9 /* testAmazonRekognitionFaceTests.swift in Sources */ = {isa = PBXBuildFile; fileRef = 1C5728C1202D5A3B00CBFFE9 /* testAmazonRekognitionFaceTests.swift */; };
		1C5728CD202D5A3B00CBFFE9 /* testAmazonRekognitionFaceUITests.swift in Sources */ = {isa = PBXBuildFile; fileRef = 1C5728CC202D5A3B00CBFFE9 /* testAmazonRekognitionFaceUITests.swift */; };
		2F1DE862214A881A7ABBF6D7 /* Pods_testAmazonRekognitionFaceTests.framework in Frameworks */ = {isa = PBXBuildFile; fileRef = 927BF2AE342FB6DF738932FE /* Pods_testAmazonRekognitionFaceTests.framework */; };
		873BB220B0AFF8ABC614A691 /* Pods_testAmazonRekognitionFaceUITests.framework in Frameworks */ = {isa = PBXBuildFile; fileRef = AAC68CD87C867AEAB0AEC160 /* Pods_testAmazonRekognitionFaceUITests.framework */; };
		BDD22794D0B03AF09DF108B6 /* Pods_testAmazonRekognitionFace.framework in Frameworks */ = {isa = PBXBuildFile; fileRef = 50BEA04387AE3AADCA499C1C /* Pods_testAmazonRekognitionFace.framework */; };
/* End PBXBuildFile section */

/* Begin PBXContainerItemProxy section */
		1C5728BE202D5A3B00CBFFE9 /* PBXContainerItemProxy */ = {
			isa = PBXContainerItemProxy;
			containerPortal = 1C5728A1202D5A3B00CBFFE9 /* Project object */;
			proxyType = 1;
			remoteGlobalIDString = 1C5728A8202D5A3B00CBFFE9;
			remoteInfo = testAmazonRekognitionFace;
		};
		1C5728C9202D5A3B00CBFFE9 /* PBXContainerItemProxy */ = {
			isa = PBXContainerItemProxy;
			containerPortal = 1C5728A1202D5A3B00CBFFE9 /* Project object */;
			proxyType = 1;
			remoteGlobalIDString = 1C5728A8202D5A3B00CBFFE9;
			remoteInfo = testAmazonRekognitionFace;
		};
/* End PBXContainerItemProxy section */

/* Begin PBXFileReference section */
		1C5728A9202D5A3B00CBFFE9 /* testAmazonRekognitionFace.app */ = {isa = PBXFileReference; explicitFileType = wrapper.application; includeInIndex = 0; path = testAmazonRekognitionFace.app; sourceTree = BUILT_PRODUCTS_DIR; };
		1C5728AC202D5A3B00CBFFE9 /* AppDelegate.swift */ = {isa = PBXFileReference; lastKnownFileType = sourcecode.swift; path = AppDelegate.swift; sourceTree = "<group>"; };
		1C5728AE202D5A3B00CBFFE9 /* ViewController.swift */ = {isa = PBXFileReference; lastKnownFileType = sourcecode.swift; path = ViewController.swift; sourceTree = "<group>"; };
		1C5728B1202D5A3B00CBFFE9 /* Base */ = {isa = PBXFileReference; lastKnownFileType = file.storyboard; name = Base; path = Base.lproj/Main.storyboard; sourceTree = "<group>"; };
		1C5728B3202D5A3B00CBFFE9 /* Assets.xcassets */ = {isa = PBXFileReference; lastKnownFileType = folder.assetcatalog; path = Assets.xcassets; sourceTree = "<group>"; };
		1C5728B6202D5A3B00CBFFE9 /* Base */ = {isa = PBXFileReference; lastKnownFileType = file.storyboard; name = Base; path = Base.lproj/LaunchScreen.storyboard; sourceTree = "<group>"; };
		1C5728B8202D5A3B00CBFFE9 /* Info.plist */ = {isa = PBXFileReference; lastKnownFileType = text.plist.xml; path = Info.plist; sourceTree = "<group>"; };
		1C5728BD202D5A3B00CBFFE9 /* testAmazonRekognitionFaceTests.xctest */ = {isa = PBXFileReference; explicitFileType = wrapper.cfbundle; includeInIndex = 0; path = testAmazonRekognitionFaceTests.xctest; sourceTree = BUILT_PRODUCTS_DIR; };
		1C5728C1202D5A3B00CBFFE9 /* testAmazonRekognitionFaceTests.swift */ = {isa = PBXFileReference; lastKnownFileType = sourcecode.swift; path = testAmazonRekognitionFaceTests.swift; sourceTree = "<group>"; };
		1C5728C3202D5A3B00CBFFE9 /* Info.plist */ = {isa = PBXFileReference; lastKnownFileType = text.plist.xml; path = Info.plist; sourceTree = "<group>"; };
		1C5728C8202D5A3B00CBFFE9 /* testAmazonRekognitionFaceUITests.xctest */ = {isa = PBXFileReference; explicitFileType = wrapper.cfbundle; includeInIndex = 0; path = testAmazonRekognitionFaceUITests.xctest; sourceTree = BUILT_PRODUCTS_DIR; };
		1C5728CC202D5A3B00CBFFE9 /* testAmazonRekognitionFaceUITests.swift */ = {isa = PBXFileReference; lastKnownFileType = sourcecode.swift; path = testAmazonRekognitionFaceUITests.swift; sourceTree = "<group>"; };
		1C5728CE202D5A3B00CBFFE9 /* Info.plist */ = {isa = PBXFileReference; lastKnownFileType = text.plist.xml; path = Info.plist; sourceTree = "<group>"; };
		41EDC16948B4ECDBEBC26D4D /* Pods-testAmazonRekognitionFaceUITests.release.xcconfig */ = {isa = PBXFileReference; includeInIndex = 1; lastKnownFileType = text.xcconfig; name = "Pods-testAmazonRekognitionFaceUITests.release.xcconfig"; path = "Pods/Target Support Files/Pods-testAmazonRekognitionFaceUITests/Pods-testAmazonRekognitionFaceUITests.release.xcconfig"; sourceTree = "<group>"; };
		50BEA04387AE3AADCA499C1C /* Pods_testAmazonRekognitionFace.framework */ = {isa = PBXFileReference; explicitFileType = wrapper.framework; includeInIndex = 0; path = Pods_testAmazonRekognitionFace.framework; sourceTree = BUILT_PRODUCTS_DIR; };
		806A05F8EB9D8AA5EE7B2794 /* Pods-testAmazonRekognitionFaceTests.release.xcconfig */ = {isa = PBXFileReference; includeInIndex = 1; lastKnownFileType = text.xcconfig; name = "Pods-testAmazonRekognitionFaceTests.release.xcconfig"; path = "Pods/Target Support Files/Pods-testAmazonRekognitionFaceTests/Pods-testAmazonRekognitionFaceTests.release.xcconfig"; sourceTree = "<group>"; };
		927BF2AE342FB6DF738932FE /* Pods_testAmazonRekognitionFaceTests.framework */ = {isa = PBXFileReference; explicitFileType = wrapper.framework; includeInIndex = 0; path = Pods_testAmazonRekognitionFaceTests.framework; sourceTree = BUILT_PRODUCTS_DIR; };
		AAC68CD87C867AEAB0AEC160 /* Pods_testAmazonRekognitionFaceUITests.framework */ = {isa = PBXFileReference; explicitFileType = wrapper.framework; includeInIndex = 0; path = Pods_testAmazonRekognitionFaceUITests.framework; sourceTree = BUILT_PRODUCTS_DIR; };
		B206399CC8DEF6E9288E2822 /* Pods-testAmazonRekognitionFaceUITests.debug.xcconfig */ = {isa = PBXFileReference; includeInIndex = 1; lastKnownFileType = text.xcconfig; name = "Pods-testAmazonRekognitionFaceUITests.debug.xcconfig"; path = "Pods/Target Support Files/Pods-testAmazonRekognitionFaceUITests/Pods-testAmazonRekognitionFaceUITests.debug.xcconfig"; sourceTree = "<group>"; };
		C3B8BA0FB53E4DACB429D875 /* Pods-testAmazonRekognitionFaceTests.debug.xcconfig */ = {isa = PBXFileReference; includeInIndex = 1; lastKnownFileType = text.xcconfig; name = "Pods-testAmazonRekognitionFaceTests.debug.xcconfig"; path = "Pods/Target Support Files/Pods-testAmazonRekognitionFaceTests/Pods-testAmazonRekognitionFaceTests.debug.xcconfig"; sourceTree = "<group>"; };
		D1FDA42053ECF5A3B85FD257 /* Pods-testAmazonRekognitionFace.release.xcconfig */ = {isa = PBXFileReference; includeInIndex = 1; lastKnownFileType = text.xcconfig; name = "Pods-testAmazonRekognitionFace.release.xcconfig"; path = "Pods/Target Support Files/Pods-testAmazonRekognitionFace/Pods-testAmazonRekognitionFace.release.xcconfig"; sourceTree = "<group>"; };
		FC8BBCEEDF0598A0D7A5E0F7 /* Pods-testAmazonRekognitionFace.debug.xcconfig */ = {isa = PBXFileReference; includeInIndex = 1; lastKnownFileType = text.xcconfig; name = "Pods-testAmazonRekognitionFace.debug.xcconfig"; path = "Pods/Target Support Files/Pods-testAmazonRekognitionFace/Pods-testAmazonRekognitionFace.debug.xcconfig"; sourceTree = "<group>"; };
/* End PBXFileReference section */

/* Begin PBXFrameworksBuildPhase section */
		1C5728A6202D5A3B00CBFFE9 /* Frameworks */ = {
			isa = PBXFrameworksBuildPhase;
			buildActionMask = 2147483647;
			files = (
				BDD22794D0B03AF09DF108B6 /* Pods_testAmazonRekognitionFace.framework in Frameworks */,
			);
			runOnlyForDeploymentPostprocessing = 0;
		};
		1C5728BA202D5A3B00CBFFE9 /* Frameworks */ = {
			isa = PBXFrameworksBuildPhase;
			buildActionMask = 2147483647;
			files = (
				2F1DE862214A881A7ABBF6D7 /* Pods_testAmazonRekognitionFaceTests.framework in Frameworks */,
			);
			runOnlyForDeploymentPostprocessing = 0;
		};
		1C5728C5202D5A3B00CBFFE9 /* Frameworks */ = {
			isa = PBXFrameworksBuildPhase;
			buildActionMask = 2147483647;
			files = (
				873BB220B0AFF8ABC614A691 /* Pods_testAmazonRekognitionFaceUITests.framework in Frameworks */,
			);
			runOnlyForDeploymentPostprocessing = 0;
		};
/* End PBXFrameworksBuildPhase section */

/* Begin PBXGroup section */
		0A3EAAF6C8B216FD4F5B2423 /* Frameworks */ = {
			isa = PBXGroup;
			children = (
				50BEA04387AE3AADCA499C1C /* Pods_testAmazonRekognitionFace.framework */,
				927BF2AE342FB6DF738932FE /* Pods_testAmazonRekognitionFaceTests.framework */,
				AAC68CD87C867AEAB0AEC160 /* Pods_testAmazonRekognitionFaceUITests.framework */,
			);
			name = Frameworks;
			sourceTree = "<group>";
		};
		1C5728A0202D5A3B00CBFFE9 = {
			isa = PBXGroup;
			children = (
				1C5728AB202D5A3B00CBFFE9 /* testAmazonRekognitionFace */,
				1C5728C0202D5A3B00CBFFE9 /* testAmazonRekognitionFaceTests */,
				1C5728CB202D5A3B00CBFFE9 /* testAmazonRekognitionFaceUITests */,
				1C5728AA202D5A3B00CBFFE9 /* Products */,
				43314ABD0832417DDEE47529 /* Pods */,
				0A3EAAF6C8B216FD4F5B2423 /* Frameworks */,
			);
			sourceTree = "<group>";
		};
		1C5728AA202D5A3B00CBFFE9 /* Products */ = {
			isa = PBXGroup;
			children = (
				1C5728A9202D5A3B00CBFFE9 /* testAmazonRekognitionFace.app */,
				1C5728BD202D5A3B00CBFFE9 /* testAmazonRekognitionFaceTests.xctest */,
				1C5728C8202D5A3B00CBFFE9 /* testAmazonRekognitionFaceUITests.xctest */,
			);
			name = Products;
			sourceTree = "<group>";
		};
		1C5728AB202D5A3B00CBFFE9 /* testAmazonRekognitionFace */ = {
			isa = PBXGroup;
			children = (
				1C5728AC202D5A3B00CBFFE9 /* AppDelegate.swift */,
				1C5728AE202D5A3B00CBFFE9 /* ViewController.swift */,
				1C5728B0202D5A3B00CBFFE9 /* Main.storyboard */,
				1C5728B3202D5A3B00CBFFE9 /* Assets.xcassets */,
				1C5728B5202D5A3B00CBFFE9 /* LaunchScreen.storyboard */,
				1C5728B8202D5A3B00CBFFE9 /* Info.plist */,
			);
			path = testAmazonRekognitionFace;
			sourceTree = "<group>";
		};
		1C5728C0202D5A3B00CBFFE9 /* testAmazonRekognitionFaceTests */ = {
			isa = PBXGroup;
			children = (
				1C5728C1202D5A3B00CBFFE9 /* testAmazonRekognitionFaceTests.swift */,
				1C5728C3202D5A3B00CBFFE9 /* Info.plist */,
			);
			path = testAmazonRekognitionFaceTests;
			sourceTree = "<group>";
		};
		1C5728CB202D5A3B00CBFFE9 /* testAmazonRekognitionFaceUITests */ = {
			isa = PBXGroup;
			children = (
				1C5728CC202D5A3B00CBFFE9 /* testAmazonRekognitionFaceUITests.swift */,
				1C5728CE202D5A3B00CBFFE9 /* Info.plist */,
			);
			path = testAmazonRekognitionFaceUITests;
			sourceTree = "<group>";
		};
		43314ABD0832417DDEE47529 /* Pods */ = {
			isa = PBXGroup;
			children = (
				FC8BBCEEDF0598A0D7A5E0F7 /* Pods-testAmazonRekognitionFace.debug.xcconfig */,
				D1FDA42053ECF5A3B85FD257 /* Pods-testAmazonRekognitionFace.release.xcconfig */,
				C3B8BA0FB53E4DACB429D875 /* Pods-testAmazonRekognitionFaceTests.debug.xcconfig */,
				806A05F8EB9D8AA5EE7B2794 /* Pods-testAmazonRekognitionFaceTests.release.xcconfig */,
				B206399CC8DEF6E9288E2822 /* Pods-testAmazonRekognitionFaceUITests.debug.xcconfig */,
				41EDC16948B4ECDBEBC26D4D /* Pods-testAmazonRekognitionFaceUITests.release.xcconfig */,
			);
			name = Pods;
			sourceTree = "<group>";
		};
/* End PBXGroup section */

/* Begin PBXNativeTarget section */
		1C5728A8202D5A3B00CBFFE9 /* testAmazonRekognitionFace */ = {
			isa = PBXNativeTarget;
			buildConfigurationList = 1C5728D1202D5A3B00CBFFE9 /* Build configuration list for PBXNativeTarget "testAmazonRekognitionFace" */;
			buildPhases = (
				B25C41D9427B60F22FF15774 /* [CP] Check Pods Manifest.lock */,
				1C5728A5202D5A3B00CBFFE9 /* Sources */,
				1C5728A6202D5A3B00CBFFE9 /* Frameworks */,
				1C5728A7202D5A3B00CBFFE9 /* Resources */,
				99B63EBE9FE6AD9386B1AC8D /* [CP] Embed Pods Frameworks */,
				EEE3C55EA9C17DCDA56BD5FF /* [CP] Copy Pods Resources */,
			);
			buildRules = (
			);
			dependencies = (
			);
			name = testAmazonRekognitionFace;
			productName = testAmazonRekognitionFace;
			productReference = 1C5728A9202D5A3B00CBFFE9 /* testAmazonRekognitionFace.app */;
			productType = "com.apple.product-type.application";
		};
		1C5728BC202D5A3B00CBFFE9 /* testAmazonRekognitionFaceTests */ = {
			isa = PBXNativeTarget;
			buildConfigurationList = 1C5728D4202D5A3B00CBFFE9 /* Build configuration list for PBXNativeTarget "testAmazonRekognitionFaceTests" */;
			buildPhases = (
				8615D415C54BB26011AB08AA /* [CP] Check Pods Manifest.lock */,
				1C5728B9202D5A3B00CBFFE9 /* Sources */,
				1C5728BA202D5A3B00CBFFE9 /* Frameworks */,
				1C5728BB202D5A3B00CBFFE9 /* Resources */,
				0C4C9100FE4338ADF9153187 /* [CP] Embed Pods Frameworks */,
				B1A41CF232E12F3C3A83C8C5 /* [CP] Copy Pods Resources */,
			);
			buildRules = (
			);
			dependencies = (
				1C5728BF202D5A3B00CBFFE9 /* PBXTargetDependency */,
			);
			name = testAmazonRekognitionFaceTests;
			productName = testAmazonRekognitionFaceTests;
			productReference = 1C5728BD202D5A3B00CBFFE9 /* testAmazonRekognitionFaceTests.xctest */;
			productType = "com.apple.product-type.bundle.unit-test";
		};
		1C5728C7202D5A3B00CBFFE9 /* testAmazonRekognitionFaceUITests */ = {
			isa = PBXNativeTarget;
			buildConfigurationList = 1C5728D7202D5A3B00CBFFE9 /* Build configuration list for PBXNativeTarget "testAmazonRekognitionFaceUITests" */;
			buildPhases = (
				1B9C639CCB3D529305A75469 /* [CP] Check Pods Manifest.lock */,
				1C5728C4202D5A3B00CBFFE9 /* Sources */,
				1C5728C5202D5A3B00CBFFE9 /* Frameworks */,
				1C5728C6202D5A3B00CBFFE9 /* Resources */,
				384111ACC34E0531D56AB472 /* [CP] Embed Pods Frameworks */,
				679C97F58D014DC71A480F16 /* [CP] Copy Pods Resources */,
			);
			buildRules = (
			);
			dependencies = (
				1C5728CA202D5A3B00CBFFE9 /* PBXTargetDependency */,
			);
			name = testAmazonRekognitionFaceUITests;
			productName = testAmazonRekognitionFaceUITests;
			productReference = 1C5728C8202D5A3B00CBFFE9 /* testAmazonRekognitionFaceUITests.xctest */;
			productType = "com.apple.product-type.bundle.ui-testing";
		};
/* End PBXNativeTarget section */

/* Begin PBXProject section */
		1C5728A1202D5A3B00CBFFE9 /* Project object */ = {
			isa = PBXProject;
			attributes = {
				LastSwiftUpdateCheck = 0920;
				LastUpgradeCheck = 0920;
				ORGANIZATIONNAME = osu;
				TargetAttributes = {
					1C5728A8202D5A3B00CBFFE9 = {
						CreatedOnToolsVersion = 9.2;
						ProvisioningStyle = Automatic;
					};
					1C5728BC202D5A3B00CBFFE9 = {
						CreatedOnToolsVersion = 9.2;
						ProvisioningStyle = Automatic;
						TestTargetID = 1C5728A8202D5A3B00CBFFE9;
					};
					1C5728C7202D5A3B00CBFFE9 = {
						CreatedOnToolsVersion = 9.2;
						ProvisioningStyle = Automatic;
						TestTargetID = 1C5728A8202D5A3B00CBFFE9;
					};
				};
			};
			buildConfigurationList = 1C5728A4202D5A3B00CBFFE9 /* Build configuration list for PBXProject "testAmazonRekognitionFace" */;
			compatibilityVersion = "Xcode 8.0";
			developmentRegion = en;
			hasScannedForEncodings = 0;
			knownRegions = (
				en,
				Base,
			);
			mainGroup = 1C5728A0202D5A3B00CBFFE9;
			productRefGroup = 1C5728AA202D5A3B00CBFFE9 /* Products */;
			projectDirPath = "";
			projectRoot = "";
			targets = (
				1C5728A8202D5A3B00CBFFE9 /* testAmazonRekognitionFace */,
				1C5728BC202D5A3B00CBFFE9 /* testAmazonRekognitionFaceTests */,
				1C5728C7202D5A3B00CBFFE9 /* testAmazonRekognitionFaceUITests */,
			);
		};
/* End PBXProject section */

/* Begin PBXResourcesBuildPhase section */
		1C5728A7202D5A3B00CBFFE9 /* Resources */ = {
			isa = PBXResourcesBuildPhase;
			buildActionMask = 2147483647;
			files = (
				1C5728B7202D5A3B00CBFFE9 /* LaunchScreen.storyboard in Resources */,
				1C5728B4202D5A3B00CBFFE9 /* Assets.xcassets in Resources */,
				1C5728B2202D5A3B00CBFFE9 /* Main.storyboard in Resources */,
			);
			runOnlyForDeploymentPostprocessing = 0;
		};
		1C5728BB202D5A3B00CBFFE9 /* Resources */ = {
			isa = PBXResourcesBuildPhase;
			buildActionMask = 2147483647;
			files = (
			);
			runOnlyForDeploymentPostprocessing = 0;
		};
		1C5728C6202D5A3B00CBFFE9 /* Resources */ = {
			isa = PBXResourcesBuildPhase;
			buildActionMask = 2147483647;
			files = (
			);
			runOnlyForDeploymentPostprocessing = 0;
		};
/* End PBXResourcesBuildPhase section */

/* Begin PBXShellScriptBuildPhase section */
		0C4C9100FE4338ADF9153187 /* [CP] Embed Pods Frameworks */ = {
			isa = PBXShellScriptBuildPhase;
			buildActionMask = 2147483647;
			files = (
			);
			inputPaths = (
			);
			name = "[CP] Embed Pods Frameworks";
			outputPaths = (
			);
			runOnlyForDeploymentPostprocessing = 0;
			shellPath = /bin/sh;
			shellScript = "\"${SRCROOT}/Pods/Target Support Files/Pods-testAmazonRekognitionFaceTests/Pods-testAmazonRekognitionFaceTests-frameworks.sh\"\n";
			showEnvVarsInLog = 0;
		};
		1B9C639CCB3D529305A75469 /* [CP] Check Pods Manifest.lock */ = {
			isa = PBXShellScriptBuildPhase;
			buildActionMask = 2147483647;
			files = (
			);
			inputPaths = (
				"${PODS_PODFILE_DIR_PATH}/Podfile.lock",
				"${PODS_ROOT}/Manifest.lock",
			);
			name = "[CP] Check Pods Manifest.lock";
			outputPaths = (
				"$(DERIVED_FILE_DIR)/Pods-testAmazonRekognitionFaceUITests-checkManifestLockResult.txt",
			);
			runOnlyForDeploymentPostprocessing = 0;
			shellPath = /bin/sh;
			shellScript = "diff \"${PODS_PODFILE_DIR_PATH}/Podfile.lock\" \"${PODS_ROOT}/Manifest.lock\" > /dev/null\nif [ $? != 0 ] ; then\n    # print error to STDERR\n    echo \"error: The sandbox is not in sync with the Podfile.lock. Run 'pod install' or update your CocoaPods installation.\" >&2\n    exit 1\nfi\n# This output is used by Xcode 'outputs' to avoid re-running this script phase.\necho \"SUCCESS\" > \"${SCRIPT_OUTPUT_FILE_0}\"\n";
			showEnvVarsInLog = 0;
		};
		384111ACC34E0531D56AB472 /* [CP] Embed Pods Frameworks */ = {
			isa = PBXShellScriptBuildPhase;
			buildActionMask = 2147483647;
			files = (
			);
			inputPaths = (
			);
			name = "[CP] Embed Pods Frameworks";
			outputPaths = (
			);
			runOnlyForDeploymentPostprocessing = 0;
			shellPath = /bin/sh;
			shellScript = "\"${SRCROOT}/Pods/Target Support Files/Pods-testAmazonRekognitionFaceUITests/Pods-testAmazonRekognitionFaceUITests-frameworks.sh\"\n";
			showEnvVarsInLog = 0;
		};
		679C97F58D014DC71A480F16 /* [CP] Copy Pods Resources */ = {
			isa = PBXShellScriptBuildPhase;
			buildActionMask = 2147483647;
			files = (
			);
			inputPaths = (
			);
			name = "[CP] Copy Pods Resources";
			outputPaths = (
			);
			runOnlyForDeploymentPostprocessing = 0;
			shellPath = /bin/sh;
			shellScript = "\"${SRCROOT}/Pods/Target Support Files/Pods-testAmazonRekognitionFaceUITests/Pods-testAmazonRekognitionFaceUITests-resources.sh\"\n";
			showEnvVarsInLog = 0;
		};
		8615D415C54BB26011AB08AA /* [CP] Check Pods Manifest.lock */ = {
			isa = PBXShellScriptBuildPhase;
			buildActionMask = 2147483647;
			files = (
			);
			inputPaths = (
				"${PODS_PODFILE_DIR_PATH}/Podfile.lock",
				"${PODS_ROOT}/Manifest.lock",
			);
			name = "[CP] Check Pods Manifest.lock";
			outputPaths = (
				"$(DERIVED_FILE_DIR)/Pods-testAmazonRekognitionFaceTests-checkManifestLockResult.txt",
			);
			runOnlyForDeploymentPostprocessing = 0;
			shellPath = /bin/sh;
			shellScript = "diff \"${PODS_PODFILE_DIR_PATH}/Podfile.lock\" \"${PODS_ROOT}/Manifest.lock\" > /dev/null\nif [ $? != 0 ] ; then\n    # print error to STDERR\n    echo \"error: The sandbox is not in sync with the Podfile.lock. Run 'pod install' or update your CocoaPods installation.\" >&2\n    exit 1\nfi\n# This output is used by Xcode 'outputs' to avoid re-running this script phase.\necho \"SUCCESS\" > \"${SCRIPT_OUTPUT_FILE_0}\"\n";
			showEnvVarsInLog = 0;
		};
		99B63EBE9FE6AD9386B1AC8D /* [CP] Embed Pods Frameworks */ = {
			isa = PBXShellScriptBuildPhase;
			buildActionMask = 2147483647;
			files = (
			);
			inputPaths = (
				"${SRCROOT}/Pods/Target Support Files/Pods-testAmazonRekognitionFace/Pods-testAmazonRekognitionFace-frameworks.sh",
				"${BUILT_PRODUCTS_DIR}/AWSCore/AWSCore.framework",
				"${BUILT_PRODUCTS_DIR}/AWSRekognition/AWSRekognition.framework",
			);
			name = "[CP] Embed Pods Frameworks";
			outputPaths = (
				"${TARGET_BUILD_DIR}/${FRAMEWORKS_FOLDER_PATH}/AWSCore.framework",
				"${TARGET_BUILD_DIR}/${FRAMEWORKS_FOLDER_PATH}/AWSRekognition.framework",
			);
			runOnlyForDeploymentPostprocessing = 0;
			shellPath = /bin/sh;
			shellScript = "\"${SRCROOT}/Pods/Target Support Files/Pods-testAmazonRekognitionFace/Pods-testAmazonRekognitionFace-frameworks.sh\"\n";
			showEnvVarsInLog = 0;
		};
		B1A41CF232E12F3C3A83C8C5 /* [CP] Copy Pods Resources */ = {
			isa = PBXShellScriptBuildPhase;
			buildActionMask = 2147483647;
			files = (
			);
			inputPaths = (
			);
			name = "[CP] Copy Pods Resources";
			outputPaths = (
			);
			runOnlyForDeploymentPostprocessing = 0;
			shellPath = /bin/sh;
			shellScript = "\"${SRCROOT}/Pods/Target Support Files/Pods-testAmazonRekognitionFaceTests/Pods-testAmazonRekognitionFaceTests-resources.sh\"\n";
			showEnvVarsInLog = 0;
		};
		B25C41D9427B60F22FF15774 /* [CP] Check Pods Manifest.lock */ = {
			isa = PBXShellScriptBuildPhase;
			buildActionMask = 2147483647;
			files = (
			);
			inputPaths = (
				"${PODS_PODFILE_DIR_PATH}/Podfile.lock",
				"${PODS_ROOT}/Manifest.lock",
			);
			name = "[CP] Check Pods Manifest.lock";
			outputPaths = (
				"$(DERIVED_FILE_DIR)/Pods-testAmazonRekognitionFace-checkManifestLockResult.txt",
			);
			runOnlyForDeploymentPostprocessing = 0;
			shellPath = /bin/sh;
			shellScript = "diff \"${PODS_PODFILE_DIR_PATH}/Podfile.lock\" \"${PODS_ROOT}/Manifest.lock\" > /dev/null\nif [ $? != 0 ] ; then\n    # print error to STDERR\n    echo \"error: The sandbox is not in sync with the Podfile.lock. Run 'pod install' or update your CocoaPods installation.\" >&2\n    exit 1\nfi\n# This output is used by Xcode 'outputs' to avoid re-running this script phase.\necho \"SUCCESS\" > \"${SCRIPT_OUTPUT_FILE_0}\"\n";
			showEnvVarsInLog = 0;
		};
		EEE3C55EA9C17DCDA56BD5FF /* [CP] Copy Pods Resources */ = {
			isa = PBXShellScriptBuildPhase;
			buildActionMask = 2147483647;
			files = (
			);
			inputPaths = (
			);
			name = "[CP] Copy Pods Resources";
			outputPaths = (
			);
			runOnlyForDeploymentPostprocessing = 0;
			shellPath = /bin/sh;
			shellScript = "\"${SRCROOT}/Pods/Target Support Files/Pods-testAmazonRekognitionFace/Pods-testAmazonRekognitionFace-resources.sh\"\n";
			showEnvVarsInLog = 0;
		};
/* End PBXShellScriptBuildPhase section */

/* Begin PBXSourcesBuildPhase section */
		1C5728A5202D5A3B00CBFFE9 /* Sources */ = {
			isa = PBXSourcesBuildPhase;
			buildActionMask = 2147483647;
			files = (
				1C5728AF202D5A3B00CBFFE9 /* ViewController.swift in Sources */,
				1C5728AD202D5A3B00CBFFE9 /* AppDelegate.swift in Sources */,
			);
			runOnlyForDeploymentPostprocessing = 0;
		};
		1C5728B9202D5A3B00CBFFE9 /* Sources */ = {
			isa = PBXSourcesBuildPhase;
			buildActionMask = 2147483647;
			files = (
				1C5728C2202D5A3B00CBFFE9 /* testAmazonRekognitionFaceTests.swift in Sources */,
			);
			runOnlyForDeploymentPostprocessing = 0;
		};
		1C5728C4202D5A3B00CBFFE9 /* Sources */ = {
			isa = PBXSourcesBuildPhase;
			buildActionMask = 2147483647;
			files = (
				1C5728CD202D5A3B00CBFFE9 /* testAmazonRekognitionFaceUITests.swift in Sources */,
			);
			runOnlyForDeploymentPostprocessing = 0;
		};
/* End PBXSourcesBuildPhase section */

/* Begin PBXTargetDependency section */
		1C5728BF202D5A3B00CBFFE9 /* PBXTargetDependency */ = {
			isa = PBXTargetDependency;
			target = 1C5728A8202D5A3B00CBFFE9 /* testAmazonRekognitionFace */;
			targetProxy = 1C5728BE202D5A3B00CBFFE9 /* PBXContainerItemProxy */;
		};
		1C5728CA202D5A3B00CBFFE9 /* PBXTargetDependency */ = {
			isa = PBXTargetDependency;
			target = 1C5728A8202D5A3B00CBFFE9 /* testAmazonRekognitionFace */;
			targetProxy = 1C5728C9202D5A3B00CBFFE9 /* PBXContainerItemProxy */;
		};
/* End PBXTargetDependency section */

/* Begin PBXVariantGroup section */
		1C5728B0202D5A3B00CBFFE9 /* Main.storyboard */ = {
			isa = PBXVariantGroup;
			children = (
				1C5728B1202D5A3B00CBFFE9 /* Base */,
			);
			name = Main.storyboard;
			sourceTree = "<group>";
		};
		1C5728B5202D5A3B00CBFFE9 /* LaunchScreen.storyboard */ = {
			isa = PBXVariantGroup;
			children = (
				1C5728B6202D5A3B00CBFFE9 /* Base */,
			);
			name = LaunchScreen.storyboard;
			sourceTree = "<group>";
		};
/* End PBXVariantGroup section */

/* Begin XCBuildConfiguration section */
		1C5728CF202D5A3B00CBFFE9 /* Debug */ = {
			isa = XCBuildConfiguration;
			buildSettings = {
				ALWAYS_SEARCH_USER_PATHS = NO;
				CLANG_ANALYZER_NONNULL = YES;
				CLANG_ANALYZER_NUMBER_OBJECT_CONVERSION = YES_AGGRESSIVE;
				CLANG_CXX_LANGUAGE_STANDARD = "gnu++14";
				CLANG_CXX_LIBRARY = "libc++";
				CLANG_ENABLE_MODULES = YES;
				CLANG_ENABLE_OBJC_ARC = YES;
				CLANG_WARN_BLOCK_CAPTURE_AUTORELEASING = YES;
				CLANG_WARN_BOOL_CONVERSION = YES;
				CLANG_WARN_COMMA = YES;
				CLANG_WARN_CONSTANT_CONVERSION = YES;
				CLANG_WARN_DIRECT_OBJC_ISA_USAGE = YES_ERROR;
				CLANG_WARN_DOCUMENTATION_COMMENTS = YES;
				CLANG_WARN_EMPTY_BODY = YES;
				CLANG_WARN_ENUM_CONVERSION = YES;
				CLANG_WARN_INFINITE_RECURSION = YES;
				CLANG_WARN_INT_CONVERSION = YES;
				CLANG_WARN_NON_LITERAL_NULL_CONVERSION = YES;
				CLANG_WARN_OBJC_LITERAL_CONVERSION = YES;
				CLANG_WARN_OBJC_ROOT_CLASS = YES_ERROR;
				CLANG_WARN_RANGE_LOOP_ANALYSIS = YES;
				CLANG_WARN_STRICT_PROTOTYPES = YES;
				CLANG_WARN_SUSPICIOUS_MOVE = YES;
				CLANG_WARN_UNGUARDED_AVAILABILITY = YES_AGGRESSIVE;
				CLANG_WARN_UNREACHABLE_CODE = YES;
				CLANG_WARN__DUPLICATE_METHOD_MATCH = YES;
				CODE_SIGN_IDENTITY = "iPhone Developer";
				COPY_PHASE_STRIP = NO;
				DEBUG_INFORMATION_FORMAT = dwarf;
				ENABLE_STRICT_OBJC_MSGSEND = YES;
				ENABLE_TESTABILITY = YES;
				GCC_C_LANGUAGE_STANDARD = gnu11;
				GCC_DYNAMIC_NO_PIC = NO;
				GCC_NO_COMMON_BLOCKS = YES;
				GCC_OPTIMIZATION_LEVEL = 0;
				GCC_PREPROCESSOR_DEFINITIONS = (
					"DEBUG=1",
					"$(inherited)",
				);
				GCC_WARN_64_TO_32_BIT_CONVERSION = YES;
				GCC_WARN_ABOUT_RETURN_TYPE = YES_ERROR;
				GCC_WARN_UNDECLARED_SELECTOR = YES;
				GCC_WARN_UNINITIALIZED_AUTOS = YES_AGGRESSIVE;
				GCC_WARN_UNUSED_FUNCTION = YES;
				GCC_WARN_UNUSED_VARIABLE = YES;
				IPHONEOS_DEPLOYMENT_TARGET = 11.2;
				MTL_ENABLE_DEBUG_INFO = YES;
				ONLY_ACTIVE_ARCH = YES;
				SDKROOT = iphoneos;
				SWIFT_ACTIVE_COMPILATION_CONDITIONS = DEBUG;
				SWIFT_OPTIMIZATION_LEVEL = "-Onone";
			};
			name = Debug;
		};
		1C5728D0202D5A3B00CBFFE9 /* Release */ = {
			isa = XCBuildConfiguration;
			buildSettings = {
				ALWAYS_SEARCH_USER_PATHS = NO;
				CLANG_ANALYZER_NONNULL = YES;
				CLANG_ANALYZER_NUMBER_OBJECT_CONVERSION = YES_AGGRESSIVE;
				CLANG_CXX_LANGUAGE_STANDARD = "gnu++14";
				CLANG_CXX_LIBRARY = "libc++";
				CLANG_ENABLE_MODULES = YES;
				CLANG_ENABLE_OBJC_ARC = YES;
				CLANG_WARN_BLOCK_CAPTURE_AUTORELEASING = YES;
				CLANG_WARN_BOOL_CONVERSION = YES;
				CLANG_WARN_COMMA = YES;
				CLANG_WARN_CONSTANT_CONVERSION = YES;
				CLANG_WARN_DIRECT_OBJC_ISA_USAGE = YES_ERROR;
				CLANG_WARN_DOCUMENTATION_COMMENTS = YES;
				CLANG_WARN_EMPTY_BODY = YES;
				CLANG_WARN_ENUM_CONVERSION = YES;
				CLANG_WARN_INFINITE_RECURSION = YES;
				CLANG_WARN_INT_CONVERSION = YES;
				CLANG_WARN_NON_LITERAL_NULL_CONVERSION = YES;
				CLANG_WARN_OBJC_LITERAL_CONVERSION = YES;
				CLANG_WARN_OBJC_ROOT_CLASS = YES_ERROR;
				CLANG_WARN_RANGE_LOOP_ANALYSIS = YES;
				CLANG_WARN_STRICT_PROTOTYPES = YES;
				CLANG_WARN_SUSPICIOUS_MOVE = YES;
				CLANG_WARN_UNGUARDED_AVAILABILITY = YES_AGGRESSIVE;
				CLANG_WARN_UNREACHABLE_CODE = YES;
				CLANG_WARN__DUPLICATE_METHOD_MATCH = YES;
				CODE_SIGN_IDENTITY = "iPhone Developer";
				COPY_PHASE_STRIP = NO;
				DEBUG_INFORMATION_FORMAT = "dwarf-with-dsym";
				ENABLE_NS_ASSERTIONS = NO;
				ENABLE_STRICT_OBJC_MSGSEND = YES;
				GCC_C_LANGUAGE_STANDARD = gnu11;
				GCC_NO_COMMON_BLOCKS = YES;
				GCC_WARN_64_TO_32_BIT_CONVERSION = YES;
				GCC_WARN_ABOUT_RETURN_TYPE = YES_ERROR;
				GCC_WARN_UNDECLARED_SELECTOR = YES;
				GCC_WARN_UNINITIALIZED_AUTOS = YES_AGGRESSIVE;
				GCC_WARN_UNUSED_FUNCTION = YES;
				GCC_WARN_UNUSED_VARIABLE = YES;
				IPHONEOS_DEPLOYMENT_TARGET = 11.2;
				MTL_ENABLE_DEBUG_INFO = NO;
				SDKROOT = iphoneos;
				SWIFT_OPTIMIZATION_LEVEL = "-Owholemodule";
				VALIDATE_PRODUCT = YES;
			};
			name = Release;
		};
		1C5728D2202D5A3B00CBFFE9 /* Debug */ = {
			isa = XCBuildConfiguration;
			baseConfigurationReference = FC8BBCEEDF0598A0D7A5E0F7 /* Pods-testAmazonRekognitionFace.debug.xcconfig */;
			buildSettings = {
				ASSETCATALOG_COMPILER_APPICON_NAME = AppIcon;
				CODE_SIGN_STYLE = Automatic;
				DEVELOPMENT_TEAM = Q4N56BM5RN;
				INFOPLIST_FILE = testAmazonRekognitionFace/Info.plist;
				LD_RUNPATH_SEARCH_PATHS = "$(inherited) @executable_path/Frameworks";
				PRODUCT_BUNDLE_IDENTIFIER = com.liquid.testAmazonRekognitionFace;
				PRODUCT_NAME = "$(TARGET_NAME)";
				SWIFT_VERSION = 4.0;
				TARGETED_DEVICE_FAMILY = "1,2";
			};
			name = Debug;
		};
		1C5728D3202D5A3B00CBFFE9 /* Release */ = {
			isa = XCBuildConfiguration;
			baseConfigurationReference = D1FDA42053ECF5A3B85FD257 /* Pods-testAmazonRekognitionFace.release.xcconfig */;
			buildSettings = {
				ASSETCATALOG_COMPILER_APPICON_NAME = AppIcon;
				CODE_SIGN_STYLE = Automatic;
				DEVELOPMENT_TEAM = Q4N56BM5RN;
				INFOPLIST_FILE = testAmazonRekognitionFace/Info.plist;
				LD_RUNPATH_SEARCH_PATHS = "$(inherited) @executable_path/Frameworks";
				PRODUCT_BUNDLE_IDENTIFIER = com.liquid.testAmazonRekognitionFace;
				PRODUCT_NAME = "$(TARGET_NAME)";
				SWIFT_VERSION = 4.0;
				TARGETED_DEVICE_FAMILY = "1,2";
			};
			name = Release;
		};
		1C5728D5202D5A3B00CBFFE9 /* Debug */ = {
			isa = XCBuildConfiguration;
			baseConfigurationReference = C3B8BA0FB53E4DACB429D875 /* Pods-testAmazonRekognitionFaceTests.debug.xcconfig */;
			buildSettings = {
				ALWAYS_EMBED_SWIFT_STANDARD_LIBRARIES = YES;
				BUNDLE_LOADER = "$(TEST_HOST)";
				CODE_SIGN_STYLE = Automatic;
				DEVELOPMENT_TEAM = Q4N56BM5RN;
				INFOPLIST_FILE = testAmazonRekognitionFaceTests/Info.plist;
				LD_RUNPATH_SEARCH_PATHS = "$(inherited) @executable_path/Frameworks @loader_path/Frameworks";
				PRODUCT_BUNDLE_IDENTIFIER = com.liquid.testAmazonRekognitionFaceTests;
				PRODUCT_NAME = "$(TARGET_NAME)";
				SWIFT_VERSION = 4.0;
				TARGETED_DEVICE_FAMILY = "1,2";
				TEST_HOST = "$(BUILT_PRODUCTS_DIR)/testAmazonRekognitionFace.app/testAmazonRekognitionFace";
			};
			name = Debug;
		};
		1C5728D6202D5A3B00CBFFE9 /* Release */ = {
			isa = XCBuildConfiguration;
			baseConfigurationReference = 806A05F8EB9D8AA5EE7B2794 /* Pods-testAmazonRekognitionFaceTests.release.xcconfig */;
			buildSettings = {
				ALWAYS_EMBED_SWIFT_STANDARD_LIBRARIES = YES;
				BUNDLE_LOADER = "$(TEST_HOST)";
				CODE_SIGN_STYLE = Automatic;
				DEVELOPMENT_TEAM = Q4N56BM5RN;
				INFOPLIST_FILE = testAmazonRekognitionFaceTests/Info.plist;
				LD_RUNPATH_SEARCH_PATHS = "$(inherited) @executable_path/Frameworks @loader_path/Frameworks";
				PRODUCT_BUNDLE_IDENTIFIER = com.liquid.testAmazonRekognitionFaceTests;
				PRODUCT_NAME = "$(TARGET_NAME)";
				SWIFT_VERSION = 4.0;
				TARGETED_DEVICE_FAMILY = "1,2";
				TEST_HOST = "$(BUILT_PRODUCTS_DIR)/testAmazonRekognitionFace.app/testAmazonRekognitionFace";
			};
			name = Release;
		};
		1C5728D8202D5A3B00CBFFE9 /* Debug */ = {
			isa = XCBuildConfiguration;
			baseConfigurationReference = B206399CC8DEF6E9288E2822 /* Pods-testAmazonRekognitionFaceUITests.debug.xcconfig */;
			buildSettings = {
				ALWAYS_EMBED_SWIFT_STANDARD_LIBRARIES = YES;
				CODE_SIGN_STYLE = Automatic;
				DEVELOPMENT_TEAM = Q4N56BM5RN;
				INFOPLIST_FILE = testAmazonRekognitionFaceUITests/Info.plist;
				LD_RUNPATH_SEARCH_PATHS = "$(inherited) @executable_path/Frameworks @loader_path/Frameworks";
				PRODUCT_BUNDLE_IDENTIFIER = com.liquid.testAmazonRekognitionFaceUITests;
				PRODUCT_NAME = "$(TARGET_NAME)";
				SWIFT_VERSION = 4.0;
				TARGETED_DEVICE_FAMILY = "1,2";
				TEST_TARGET_NAME = testAmazonRekognitionFace;
			};
			name = Debug;
		};
		1C5728D9202D5A3B00CBFFE9 /* Release */ = {
			isa = XCBuildConfiguration;
			baseConfigurationReference = 41EDC16948B4ECDBEBC26D4D /* Pods-testAmazonRekognitionFaceUITests.release.xcconfig */;
			buildSettings = {
				ALWAYS_EMBED_SWIFT_STANDARD_LIBRARIES = YES;
				CODE_SIGN_STYLE = Automatic;
				DEVELOPMENT_TEAM = Q4N56BM5RN;
				INFOPLIST_FILE = testAmazonRekognitionFaceUITests/Info.plist;
				LD_RUNPATH_SEARCH_PATHS = "$(inherited) @executable_path/Frameworks @loader_path/Frameworks";
				PRODUCT_BUNDLE_IDENTIFIER = com.liquid.testAmazonRekognitionFaceUITests;
				PRODUCT_NAME = "$(TARGET_NAME)";
				SWIFT_VERSION = 4.0;
				TARGETED_DEVICE_FAMILY = "1,2";
				TEST_TARGET_NAME = testAmazonRekognitionFace;
			};
			name = Release;
		};
/* End XCBuildConfiguration section */

/* Begin XCConfigurationList section */
		1C5728A4202D5A3B00CBFFE9 /* Build configuration list for PBXProject "testAmazonRekognitionFace" */ = {
			isa = XCConfigurationList;
			buildConfigurations = (
				1C5728CF202D5A3B00CBFFE9 /* Debug */,
				1C5728D0202D5A3B00CBFFE9 /* Release */,
			);
			defaultConfigurationIsVisible = 0;
			defaultConfigurationName = Release;
		};
		1C5728D1202D5A3B00CBFFE9 /* Build configuration list for PBXNativeTarget "testAmazonRekognitionFace" */ = {
			isa = XCConfigurationList;
			buildConfigurations = (
				1C5728D2202D5A3B00CBFFE9 /* Debug */,
				1C5728D3202D5A3B00CBFFE9 /* Release */,
			);
			defaultConfigurationIsVisible = 0;
			defaultConfigurationName = Release;
		};
		1C5728D4202D5A3B00CBFFE9 /* Build configuration list for PBXNativeTarget "testAmazonRekognitionFaceTests" */ = {
			isa = XCConfigurationList;
			buildConfigurations = (
				1C5728D5202D5A3B00CBFFE9 /* Debug */,
				1C5728D6202D5A3B00CBFFE9 /* Release */,
			);
			defaultConfigurationIsVisible = 0;
			defaultConfigurationName = Release;
		};
		1C5728D7202D5A3B00CBFFE9 /* Build configuration list for PBXNativeTarget "testAmazonRekognitionFaceUITests" */ = {
			isa = XCConfigurationList;
			buildConfigurations = (
				1C5728D8202D5A3B00CBFFE9 /* Debug */,
				1C5728D9202D5A3B00CBFFE9 /* Release */,
			);
			defaultConfigurationIsVisible = 0;
			defaultConfigurationName = Release;
		};
/* End XCConfigurationList section */
	};
	rootObject = 1C5728A1202D5A3B00CBFFE9 /* Project object */;
}
